
Microsoft Visual Studio Solution File, Format Version 12.00
# Visual Studio Version 17
VisualStudioVersion = 17.14.36221.1 d17.14
MinimumVisualStudioVersion = 10.0.40219.1
Project("{F184B08F-C81C-45F6-A57F-5ABD9991F28F}") = "hello", "hello.vbproj", "{A360FD02-F5E5-4F60-BFE3-44522325AF6B}"
EndProject
Global
	GlobalSection(SolutionConfigurationPlatforms) = preSolution
		Debug|Any CPU = Debug|Any CPU
		Release|Any CPU = Release|Any CPU
	EndGlobalSection
	GlobalSection(ProjectConfigurationPlatforms) = postSolution
		{A360FD02-F5E5-4F60-BFE3-44522325AF6B}.Debug|Any CPU.ActiveCfg = Debug|Any CPU
		{A360FD02-F5E5-4F60-BFE3-44522325AF6B}.Debug|Any CPU.Build.0 = Debug|Any CPU
		{A360FD02-F5E5-4F60-BFE3-44522325AF6B}.Release|Any CPU.ActiveCfg = Release|Any CPU
		{A360FD02-F5E5-4F60-BFE3-44522325AF6B}.Release|Any CPU.Build.0 = Release|Any CPU
	EndGlobalSection
	GlobalSection(SolutionProperties) = preSolution
		HideSolutionNode = FALSE
	EndGlobalSection
	GlobalSection(ExtensibilityGlobals) = postSolution
		SolutionGuid = {5F69A4E5-48D0-4E97-BB75-1D09336039A0}
	EndGlobalSection
EndGlobal
